// !$*UTF8*$!
{
	archiveVersion = 1;
	classes = {
	};
	objectVersion = 46;
	objects = {

/* Begin PBXBuildFile section */
		086670CF1729B38600DE41BE /* Social.framework in Frameworks */ = {isa = PBXBuildFile; fileRef = 086670CE1729B38600DE41BE /* Social.framework */; };
		08ADB772171F2F16003E0107 /* Route.m in Sources */ = {isa = PBXBuildFile; fileRef = 08ADB76D171F2F16003E0107 /* Route.m */; };
		08ADB773171F2F16003E0107 /* TravelInfo.m in Sources */ = {isa = PBXBuildFile; fileRef = 08ADB76F171F2F16003E0107 /* TravelInfo.m */; };
		08ADB774171F2F16003E0107 /* TravelPointAnnotation.m in Sources */ = {isa = PBXBuildFile; fileRef = 08ADB771171F2F16003E0107 /* TravelPointAnnotation.m */; };
		08ADB778171F2F64003E0107 /* MapOverlayArcView.m in Sources */ = {isa = PBXBuildFile; fileRef = 08ADB777171F2F64003E0107 /* MapOverlayArcView.m */; };
		08ADB77A171F30A1003E0107 /* CoreLocation.framework in Frameworks */ = {isa = PBXBuildFile; fileRef = 08ADB779171F30A1003E0107 /* CoreLocation.framework */; };
		08ADB77C171F30AA003E0107 /* MapKit.framework in Frameworks */ = {isa = PBXBuildFile; fileRef = 08ADB77B171F30AA003E0107 /* MapKit.framework */; };
		08ADB783171F4127003E0107 /* MapViewController.m in Sources */ = {isa = PBXBuildFile; fileRef = 08ADB781171F4127003E0107 /* MapViewController.m */; };
		08ADB784171F4127003E0107 /* MapViewController.xib in Resources */ = {isa = PBXBuildFile; fileRef = 08ADB782171F4127003E0107 /* MapViewController.xib */; };
		08ADB78817204360003E0107 /* CheckInWebViewController.m in Sources */ = {isa = PBXBuildFile; fileRef = 08ADB7861720435F003E0107 /* CheckInWebViewController.m */; };
		08ADB78917204360003E0107 /* CheckInWebViewController.xib in Resources */ = {isa = PBXBuildFile; fileRef = 08ADB7871720435F003E0107 /* CheckInWebViewController.xib */; };
		08ADB7F61721A1C3003E0107 /* Kal.bundle in Resources */ = {isa = PBXBuildFile; fileRef = 08ADB7F51721A1C3003E0107 /* Kal.bundle */; };
		08ADB7F81721A5C9003E0107 /* libKal.a in Frameworks */ = {isa = PBXBuildFile; fileRef = 08ADB7F01721A061003E0107 /* libKal.a */; };
		08ADB8051721CB5A003E0107 /* NSObject+SBJSON.m in Sources */ = {isa = PBXBuildFile; fileRef = 08ADB7FC1721CB5A003E0107 /* NSObject+SBJSON.m */; settings = {COMPILER_FLAGS = "-fno-objc-arc"; }; };
		08ADB8061721CB5A003E0107 /* NSString+SBJSON.m in Sources */ = {isa = PBXBuildFile; fileRef = 08ADB7FE1721CB5A003E0107 /* NSString+SBJSON.m */; settings = {COMPILER_FLAGS = "-fno-objc-arc"; }; };
		08ADB8071721CB5A003E0107 /* SBJsonBase.m in Sources */ = {isa = PBXBuildFile; fileRef = 08ADB8001721CB5A003E0107 /* SBJsonBase.m */; settings = {COMPILER_FLAGS = "-fno-objc-arc"; }; };
		08ADB8081721CB5A003E0107 /* SBJsonParser.m in Sources */ = {isa = PBXBuildFile; fileRef = 08ADB8021721CB5A003E0107 /* SBJsonParser.m */; settings = {COMPILER_FLAGS = "-fno-objc-arc"; }; };
		08ADB8091721CB5A003E0107 /* SBJsonWriter.m in Sources */ = {isa = PBXBuildFile; fileRef = 08ADB8041721CB5A003E0107 /* SBJsonWriter.m */; settings = {COMPILER_FLAGS = "-fno-objc-arc"; }; };
		08ADB80C1721E5C7003E0107 /* singledatejson.txt in Resources */ = {isa = PBXBuildFile; fileRef = 08ADB80B1721E5C7003E0107 /* singledatejson.txt */; };
		08ADB81617258C37003E0107 /* FlightSegment.m in Sources */ = {isa = PBXBuildFile; fileRef = 08ADB81517258C37003E0107 /* FlightSegment.m */; };
		08ADB8241725C785003E0107 /* destinationjson.txt in Resources */ = {isa = PBXBuildFile; fileRef = 08ADB8231725C785003E0107 /* destinationjson.txt */; };
		08B31E2C1728383D00CD04FA /* FlightFilterHelper.m in Sources */ = {isa = PBXBuildFile; fileRef = 08B31E2B1728383D00CD04FA /* FlightFilterHelper.m */; };
		08B31E2E17284AE000CD04FA /* calendarjson.txt in Resources */ = {isa = PBXBuildFile; fileRef = 08B31E2D17284AE000CD04FA /* calendarjson.txt */; };
		08B31E3117286AC400CD04FA /* FlightDetails.m in Sources */ = {isa = PBXBuildFile; fileRef = 08B31E3017286AC400CD04FA /* FlightDetails.m */; };
		08B31E3417286E9E00CD04FA /* Itinerary.m in Sources */ = {isa = PBXBuildFile; fileRef = 08B31E3317286E9E00CD04FA /* Itinerary.m */; };
		08B31E371728731700CD04FA /* JSONResponseParser.m in Sources */ = {isa = PBXBuildFile; fileRef = 08B31E361728731600CD04FA /* JSONResponseParser.m */; };
		08B6E0601727372E009B31F9 /* TravelLocation.m in Sources */ = {isa = PBXBuildFile; fileRef = 08B6E05F1727372E009B31F9 /* TravelLocation.m */; };
		492EE5B11714682400575B7C /* UIKit.framework in Frameworks */ = {isa = PBXBuildFile; fileRef = 492EE5B01714682400575B7C /* UIKit.framework */; };
		492EE5B31714682400575B7C /* Foundation.framework in Frameworks */ = {isa = PBXBuildFile; fileRef = 492EE5B21714682400575B7C /* Foundation.framework */; };
		492EE5B51714682400575B7C /* CoreGraphics.framework in Frameworks */ = {isa = PBXBuildFile; fileRef = 492EE5B41714682400575B7C /* CoreGraphics.framework */; };
		492EE5BB1714682400575B7C /* InfoPlist.strings in Resources */ = {isa = PBXBuildFile; fileRef = 492EE5B91714682400575B7C /* InfoPlist.strings */; };
		492EE5BD1714682400575B7C /* main.m in Sources */ = {isa = PBXBuildFile; fileRef = 492EE5BC1714682400575B7C /* main.m */; };
		492EE5C11714682400575B7C /* AppDelegate.m in Sources */ = {isa = PBXBuildFile; fileRef = 492EE5C01714682400575B7C /* AppDelegate.m */; };
		492EE5C31714682400575B7C /* Default.png in Resources */ = {isa = PBXBuildFile; fileRef = 492EE5C21714682400575B7C /* Default.png */; };
		492EE5C51714682400575B7C /* Default@2x.png in Resources */ = {isa = PBXBuildFile; fileRef = 492EE5C41714682400575B7C /* Default@2x.png */; };
		492EE5C71714682400575B7C /* Default-568h@2x.png in Resources */ = {isa = PBXBuildFile; fileRef = 492EE5C61714682400575B7C /* Default-568h@2x.png */; };
		492EE5CA1714682400575B7C /* MainStoryboard.storyboard in Resources */ = {isa = PBXBuildFile; fileRef = 492EE5C81714682400575B7C /* MainStoryboard.storyboard */; };
		492EE5D51714682400575B7C /* SenTestingKit.framework in Frameworks */ = {isa = PBXBuildFile; fileRef = 492EE5D41714682400575B7C /* SenTestingKit.framework */; };
		492EE5D61714682400575B7C /* UIKit.framework in Frameworks */ = {isa = PBXBuildFile; fileRef = 492EE5B01714682400575B7C /* UIKit.framework */; };
		492EE5D71714682400575B7C /* Foundation.framework in Frameworks */ = {isa = PBXBuildFile; fileRef = 492EE5B21714682400575B7C /* Foundation.framework */; };
		492EE5DF1714682400575B7C /* InfoPlist.strings in Resources */ = {isa = PBXBuildFile; fileRef = 492EE5DD1714682400575B7C /* InfoPlist.strings */; };
		492EE5E21714682400575B7C /* sabresonicTests.m in Sources */ = {isa = PBXBuildFile; fileRef = 492EE5E11714682400575B7C /* sabresonicTests.m */; };
		492EE5EC1715FFA500575B7C /* QuartzCore.framework in Frameworks */ = {isa = PBXBuildFile; fileRef = 492EE5EB1715FFA500575B7C /* QuartzCore.framework */; };
		492EE622171F136700575B7C /* FrontViewController.m in Sources */ = {isa = PBXBuildFile; fileRef = 492EE619171F136500575B7C /* FrontViewController.m */; };
		492EE623171F136700575B7C /* LeftDemoViewController.m in Sources */ = {isa = PBXBuildFile; fileRef = 492EE61B171F136500575B7C /* LeftDemoViewController.m */; };
		492EE624171F136700575B7C /* LeftDemoViewController~ipad.xib in Resources */ = {isa = PBXBuildFile; fileRef = 492EE61C171F136600575B7C /* LeftDemoViewController~ipad.xib */; };
		492EE625171F136700575B7C /* LeftDemoViewController~iphone.xib in Resources */ = {isa = PBXBuildFile; fileRef = 492EE61D171F136600575B7C /* LeftDemoViewController~iphone.xib */; };
		492EE626171F136700575B7C /* RightDemoViewController.m in Sources */ = {isa = PBXBuildFile; fileRef = 492EE61F171F136600575B7C /* RightDemoViewController.m */; };
		492EE627171F136700575B7C /* RightDemoViewController~ipad.xib in Resources */ = {isa = PBXBuildFile; fileRef = 492EE620171F136700575B7C /* RightDemoViewController~ipad.xib */; };
		492EE628171F136700575B7C /* RightDemoViewController~iphone.xib in Resources */ = {isa = PBXBuildFile; fileRef = 492EE621171F136700575B7C /* RightDemoViewController~iphone.xib */; };
		492EE630171F13C800575B7C /* PKRevealController.m in Sources */ = {isa = PBXBuildFile; fileRef = 492EE62B171F13C800575B7C /* PKRevealController.m */; };
		492EE631171F13C800575B7C /* PKRevealControllerContainerView.m in Sources */ = {isa = PBXBuildFile; fileRef = 492EE62D171F13C800575B7C /* PKRevealControllerContainerView.m */; };
		492EE632171F13C800575B7C /* UIViewController+PKRevealController.m in Sources */ = {isa = PBXBuildFile; fileRef = 492EE62F171F13C800575B7C /* UIViewController+PKRevealController.m */; };
		492EE637171F142600575B7C /* reveal_menu_icon_landscape.png in Resources */ = {isa = PBXBuildFile; fileRef = 492EE633171F142600575B7C /* reveal_menu_icon_landscape.png */; };
		492EE638171F142600575B7C /* reveal_menu_icon_landscape@2x.png in Resources */ = {isa = PBXBuildFile; fileRef = 492EE634171F142600575B7C /* reveal_menu_icon_landscape@2x.png */; };
		492EE639171F142600575B7C /* reveal_menu_icon_portrait.png in Resources */ = {isa = PBXBuildFile; fileRef = 492EE635171F142600575B7C /* reveal_menu_icon_portrait.png */; };
		492EE63A171F142600575B7C /* reveal_menu_icon_portrait@2x.png in Resources */ = {isa = PBXBuildFile; fileRef = 492EE636171F142600575B7C /* reveal_menu_icon_portrait@2x.png */; };
		A7ABA7CD1733BCF1006E6FC9 /* FrontViewController.xib in Resources */ = {isa = PBXBuildFile; fileRef = A7ABA7CC1733BCF1006E6FC9 /* FrontViewController.xib */; };
		A7ABA7CF1733BCFE006E6FC9 /* airplane-bg.png in Resources */ = {isa = PBXBuildFile; fileRef = A7ABA7CE1733BCFE006E6FC9 /* airplane-bg.png */; };
		A7ABA7D31733BDE3006E6FC9 /* FacebookLoginViewController.m in Sources */ = {isa = PBXBuildFile; fileRef = A7ABA7D11733BDE2006E6FC9 /* FacebookLoginViewController.m */; };
		A7ABA7D41733BDE3006E6FC9 /* FacebookLoginViewController.xib in Resources */ = {isa = PBXBuildFile; fileRef = A7ABA7D21733BDE2006E6FC9 /* FacebookLoginViewController.xib */; };
		A7ABA7D61733D0C8006E6FC9 /* annotationview.png in Resources */ = {isa = PBXBuildFile; fileRef = A7ABA7D51733D0C8006E6FC9 /* annotationview.png */; };
		A7ABA7D91733D41E006E6FC9 /* CustomAnnotationView.m in Sources */ = {isa = PBXBuildFile; fileRef = A7ABA7D81733D41E006E6FC9 /* CustomAnnotationView.m */; };
		A7ABA7DB1733D947006E6FC9 /* CustomAnnotationView.xib in Resources */ = {isa = PBXBuildFile; fileRef = A7ABA7DA1733D947006E6FC9 /* CustomAnnotationView.xib */; };
		A7ED655A1730EF6B003C79F6 /* FlightDetailsWebViewController.m in Sources */ = {isa = PBXBuildFile; fileRef = A7ED65581730EF6B003C79F6 /* FlightDetailsWebViewController.m */; };
		A7ED655B1730EF6B003C79F6 /* FlightDetailsWebViewController.xib in Resources */ = {isa = PBXBuildFile; fileRef = A7ED65591730EF6B003C79F6 /* FlightDetailsWebViewController.xib */; };
		A7ED655E17314878003C79F6 /* FlightDetailsTableViewCell.m in Sources */ = {isa = PBXBuildFile; fileRef = A7ED655D17314878003C79F6 /* FlightDetailsTableViewCell.m */; };
		A7ED656017314DED003C79F6 /* FlightDetailsTableViewCell.xib in Resources */ = {isa = PBXBuildFile; fileRef = A7ED655F17314DEC003C79F6 /* FlightDetailsTableViewCell.xib */; };
		A7ED657517324782003C79F6 /* ShoppingTableViewCell.m in Sources */ = {isa = PBXBuildFile; fileRef = A7ED657417324781003C79F6 /* ShoppingTableViewCell.m */; };
		A7ED65771732488B003C79F6 /* ShoppingTableViewCell.xib in Resources */ = {isa = PBXBuildFile; fileRef = A7ED65761732488B003C79F6 /* ShoppingTableViewCell.xib */; };
/* End PBXBuildFile section */

/* Begin PBXContainerItemProxy section */
		08ADB7EF1721A061003E0107 /* PBXContainerItemProxy */ = {
			isa = PBXContainerItemProxy;
			containerPortal = 08ADB7EA1721A060003E0107 /* Kal.xcodeproj */;
			proxyType = 2;
			remoteGlobalIDString = 491D3ACE171F52CB00AE4227;
			remoteInfo = Kal;
		};
		08ADB7F11721A061003E0107 /* PBXContainerItemProxy */ = {
			isa = PBXContainerItemProxy;
			containerPortal = 08ADB7EA1721A060003E0107 /* Kal.xcodeproj */;
			proxyType = 2;
			remoteGlobalIDString = 491D3ACF171F52CB00AE4227;
			remoteInfo = KalTests;
		};
		08ADB7F31721A128003E0107 /* PBXContainerItemProxy */ = {
			isa = PBXContainerItemProxy;
			containerPortal = 08ADB7EA1721A060003E0107 /* Kal.xcodeproj */;
			proxyType = 1;
			remoteGlobalIDString = EAD3CA27135F31C500CEC657;
			remoteInfo = Kal;
		};
		492EE5D81714682400575B7C /* PBXContainerItemProxy */ = {
			isa = PBXContainerItemProxy;
			containerPortal = 492EE5A51714682400575B7C /* Project object */;
			proxyType = 1;
			remoteGlobalIDString = 492EE5AC1714682400575B7C;
			remoteInfo = sabresonic;
		};
/* End PBXContainerItemProxy section */

/* Begin PBXFileReference section */
		086670CE1729B38600DE41BE /* Social.framework */ = {isa = PBXFileReference; lastKnownFileType = wrapper.framework; name = Social.framework; path = System/Library/Frameworks/Social.framework; sourceTree = SDKROOT; };
		08ADB76C171F2F16003E0107 /* Route.h */ = {isa = PBXFileReference; fileEncoding = 4; lastKnownFileType = sourcecode.c.h; name = Route.h; path = Models/Route.h; sourceTree = "<group>"; };
		08ADB76D171F2F16003E0107 /* Route.m */ = {isa = PBXFileReference; fileEncoding = 4; lastKnownFileType = sourcecode.c.objc; name = Route.m; path = Models/Route.m; sourceTree = "<group>"; };
		08ADB76E171F2F16003E0107 /* TravelInfo.h */ = {isa = PBXFileReference; fileEncoding = 4; lastKnownFileType = sourcecode.c.h; name = TravelInfo.h; path = Models/TravelInfo.h; sourceTree = "<group>"; };
		08ADB76F171F2F16003E0107 /* TravelInfo.m */ = {isa = PBXFileReference; fileEncoding = 4; lastKnownFileType = sourcecode.c.objc; name = TravelInfo.m; path = Models/TravelInfo.m; sourceTree = "<group>"; };
		08ADB770171F2F16003E0107 /* TravelPointAnnotation.h */ = {isa = PBXFileReference; fileEncoding = 4; lastKnownFileType = sourcecode.c.h; name = TravelPointAnnotation.h; path = Models/TravelPointAnnotation.h; sourceTree = "<group>"; };
		08ADB771171F2F16003E0107 /* TravelPointAnnotation.m */ = {isa = PBXFileReference; fileEncoding = 4; lastKnownFileType = sourcecode.c.objc; name = TravelPointAnnotation.m; path = Models/TravelPointAnnotation.m; sourceTree = "<group>"; };
		08ADB776171F2F64003E0107 /* MapOverlayArcView.h */ = {isa = PBXFileReference; fileEncoding = 4; lastKnownFileType = sourcecode.c.h; name = MapOverlayArcView.h; path = Content/Map/MapOverlayArcView.h; sourceTree = "<group>"; };
		08ADB777171F2F64003E0107 /* MapOverlayArcView.m */ = {isa = PBXFileReference; fileEncoding = 4; lastKnownFileType = sourcecode.c.objc; name = MapOverlayArcView.m; path = Content/Map/MapOverlayArcView.m; sourceTree = "<group>"; };
		08ADB779171F30A1003E0107 /* CoreLocation.framework */ = {isa = PBXFileReference; lastKnownFileType = wrapper.framework; name = CoreLocation.framework; path = System/Library/Frameworks/CoreLocation.framework; sourceTree = SDKROOT; };
		08ADB77B171F30AA003E0107 /* MapKit.framework */ = {isa = PBXFileReference; lastKnownFileType = wrapper.framework; name = MapKit.framework; path = System/Library/Frameworks/MapKit.framework; sourceTree = SDKROOT; };
		08ADB780171F4127003E0107 /* MapViewController.h */ = {isa = PBXFileReference; fileEncoding = 4; lastKnownFileType = sourcecode.c.h; path = MapViewController.h; sourceTree = "<group>"; };
		08ADB781171F4127003E0107 /* MapViewController.m */ = {isa = PBXFileReference; fileEncoding = 4; lastKnownFileType = sourcecode.c.objc; path = MapViewController.m; sourceTree = "<group>"; };
		08ADB782171F4127003E0107 /* MapViewController.xib */ = {isa = PBXFileReference; fileEncoding = 4; lastKnownFileType = file.xib; path = MapViewController.xib; sourceTree = "<group>"; };
		08ADB7851720435F003E0107 /* CheckInWebViewController.h */ = {isa = PBXFileReference; fileEncoding = 4; lastKnownFileType = sourcecode.c.h; path = CheckInWebViewController.h; sourceTree = "<group>"; };
		08ADB7861720435F003E0107 /* CheckInWebViewController.m */ = {isa = PBXFileReference; fileEncoding = 4; lastKnownFileType = sourcecode.c.objc; path = CheckInWebViewController.m; sourceTree = "<group>"; };
		08ADB7871720435F003E0107 /* CheckInWebViewController.xib */ = {isa = PBXFileReference; fileEncoding = 4; lastKnownFileType = file.xib; path = CheckInWebViewController.xib; sourceTree = "<group>"; };
		08ADB7EA1721A060003E0107 /* Kal.xcodeproj */ = {isa = PBXFileReference; lastKnownFileType = "wrapper.pb-project"; name = Kal.xcodeproj; path = Kal/Kal.xcodeproj; sourceTree = "<group>"; };
		08ADB7F51721A1C3003E0107 /* Kal.bundle */ = {isa = PBXFileReference; lastKnownFileType = "wrapper.plug-in"; name = Kal.bundle; path = Kal/Kal.bundle; sourceTree = "<group>"; };
		08ADB7FA1721CB5A003E0107 /* JSON.h */ = {isa = PBXFileReference; fileEncoding = 4; lastKnownFileType = sourcecode.c.h; name = JSON.h; path = JSON/JSON.h; sourceTree = SOURCE_ROOT; };
		08ADB7FB1721CB5A003E0107 /* NSObject+SBJSON.h */ = {isa = PBXFileReference; fileEncoding = 4; lastKnownFileType = sourcecode.c.h; name = "NSObject+SBJSON.h"; path = "JSON/NSObject+SBJSON.h"; sourceTree = SOURCE_ROOT; };
		08ADB7FC1721CB5A003E0107 /* NSObject+SBJSON.m */ = {isa = PBXFileReference; fileEncoding = 4; lastKnownFileType = sourcecode.c.objc; name = "NSObject+SBJSON.m"; path = "JSON/NSObject+SBJSON.m"; sourceTree = SOURCE_ROOT; };
		08ADB7FD1721CB5A003E0107 /* NSString+SBJSON.h */ = {isa = PBXFileReference; fileEncoding = 4; lastKnownFileType = sourcecode.c.h; name = "NSString+SBJSON.h"; path = "JSON/NSString+SBJSON.h"; sourceTree = SOURCE_ROOT; };
		08ADB7FE1721CB5A003E0107 /* NSString+SBJSON.m */ = {isa = PBXFileReference; fileEncoding = 4; lastKnownFileType = sourcecode.c.objc; name = "NSString+SBJSON.m"; path = "JSON/NSString+SBJSON.m"; sourceTree = SOURCE_ROOT; };
		08ADB7FF1721CB5A003E0107 /* SBJsonBase.h */ = {isa = PBXFileReference; fileEncoding = 4; lastKnownFileType = sourcecode.c.h; name = SBJsonBase.h; path = JSON/SBJsonBase.h; sourceTree = SOURCE_ROOT; };
		08ADB8001721CB5A003E0107 /* SBJsonBase.m */ = {isa = PBXFileReference; fileEncoding = 4; lastKnownFileType = sourcecode.c.objc; name = SBJsonBase.m; path = JSON/SBJsonBase.m; sourceTree = SOURCE_ROOT; };
		08ADB8011721CB5A003E0107 /* SBJsonParser.h */ = {isa = PBXFileReference; fileEncoding = 4; lastKnownFileType = sourcecode.c.h; name = SBJsonParser.h; path = JSON/SBJsonParser.h; sourceTree = SOURCE_ROOT; };
		08ADB8021721CB5A003E0107 /* SBJsonParser.m */ = {isa = PBXFileReference; fileEncoding = 4; lastKnownFileType = sourcecode.c.objc; name = SBJsonParser.m; path = JSON/SBJsonParser.m; sourceTree = SOURCE_ROOT; };
		08ADB8031721CB5A003E0107 /* SBJsonWriter.h */ = {isa = PBXFileReference; fileEncoding = 4; lastKnownFileType = sourcecode.c.h; name = SBJsonWriter.h; path = JSON/SBJsonWriter.h; sourceTree = SOURCE_ROOT; };
		08ADB8041721CB5A003E0107 /* SBJsonWriter.m */ = {isa = PBXFileReference; fileEncoding = 4; lastKnownFileType = sourcecode.c.objc; name = SBJsonWriter.m; path = JSON/SBJsonWriter.m; sourceTree = SOURCE_ROOT; };
		08ADB80B1721E5C7003E0107 /* singledatejson.txt */ = {isa = PBXFileReference; fileEncoding = 4; lastKnownFileType = text; name = singledatejson.txt; path = Data/singledatejson.txt; sourceTree = "<group>"; };
		08ADB81417258C37003E0107 /* FlightSegment.h */ = {isa = PBXFileReference; fileEncoding = 4; lastKnownFileType = sourcecode.c.h; path = FlightSegment.h; sourceTree = "<group>"; };
		08ADB81517258C37003E0107 /* FlightSegment.m */ = {isa = PBXFileReference; fileEncoding = 4; lastKnownFileType = sourcecode.c.objc; path = FlightSegment.m; sourceTree = "<group>"; };
		08ADB81A1725A280003E0107 /* PayLoadKeys.h */ = {isa = PBXFileReference; fileEncoding = 4; lastKnownFileType = sourcecode.c.h; path = PayLoadKeys.h; sourceTree = "<group>"; };
		08ADB8231725C785003E0107 /* destinationjson.txt */ = {isa = PBXFileReference; fileEncoding = 4; lastKnownFileType = text; name = destinationjson.txt; path = Data/destinationjson.txt; sourceTree = "<group>"; };
		08B31E2A1728383D00CD04FA /* FlightFilterHelper.h */ = {isa = PBXFileReference; fileEncoding = 4; lastKnownFileType = sourcecode.c.h; path = FlightFilterHelper.h; sourceTree = "<group>"; };
		08B31E2B1728383D00CD04FA /* FlightFilterHelper.m */ = {isa = PBXFileReference; fileEncoding = 4; lastKnownFileType = sourcecode.c.objc; path = FlightFilterHelper.m; sourceTree = "<group>"; };
		08B31E2D17284AE000CD04FA /* calendarjson.txt */ = {isa = PBXFileReference; fileEncoding = 4; lastKnownFileType = text; name = calendarjson.txt; path = Data/calendarjson.txt; sourceTree = "<group>"; };
		08B31E2F17286AC400CD04FA /* FlightDetails.h */ = {isa = PBXFileReference; fileEncoding = 4; lastKnownFileType = sourcecode.c.h; path = FlightDetails.h; sourceTree = "<group>"; };
		08B31E3017286AC400CD04FA /* FlightDetails.m */ = {isa = PBXFileReference; fileEncoding = 4; lastKnownFileType = sourcecode.c.objc; path = FlightDetails.m; sourceTree = "<group>"; };
		08B31E3217286E9E00CD04FA /* Itinerary.h */ = {isa = PBXFileReference; fileEncoding = 4; lastKnownFileType = sourcecode.c.h; path = Itinerary.h; sourceTree = "<group>"; };
		08B31E3317286E9E00CD04FA /* Itinerary.m */ = {isa = PBXFileReference; fileEncoding = 4; lastKnownFileType = sourcecode.c.objc; path = Itinerary.m; sourceTree = "<group>"; };
		08B31E351728731600CD04FA /* JSONResponseParser.h */ = {isa = PBXFileReference; fileEncoding = 4; lastKnownFileType = sourcecode.c.h; path = JSONResponseParser.h; sourceTree = "<group>"; };
		08B31E361728731600CD04FA /* JSONResponseParser.m */ = {isa = PBXFileReference; fileEncoding = 4; lastKnownFileType = sourcecode.c.objc; path = JSONResponseParser.m; sourceTree = "<group>"; };
		08B6E05E1727372E009B31F9 /* TravelLocation.h */ = {isa = PBXFileReference; fileEncoding = 4; lastKnownFileType = sourcecode.c.h; path = TravelLocation.h; sourceTree = "<group>"; };
		08B6E05F1727372E009B31F9 /* TravelLocation.m */ = {isa = PBXFileReference; fileEncoding = 4; lastKnownFileType = sourcecode.c.objc; path = TravelLocation.m; sourceTree = "<group>"; };
		492EE5AD1714682400575B7C /* sabresonic.app */ = {isa = PBXFileReference; explicitFileType = wrapper.application; includeInIndex = 0; path = sabresonic.app; sourceTree = BUILT_PRODUCTS_DIR; };
		492EE5B01714682400575B7C /* UIKit.framework */ = {isa = PBXFileReference; lastKnownFileType = wrapper.framework; name = UIKit.framework; path = System/Library/Frameworks/UIKit.framework; sourceTree = SDKROOT; };
		492EE5B21714682400575B7C /* Foundation.framework */ = {isa = PBXFileReference; lastKnownFileType = wrapper.framework; name = Foundation.framework; path = System/Library/Frameworks/Foundation.framework; sourceTree = SDKROOT; };
		492EE5B41714682400575B7C /* CoreGraphics.framework */ = {isa = PBXFileReference; lastKnownFileType = wrapper.framework; name = CoreGraphics.framework; path = System/Library/Frameworks/CoreGraphics.framework; sourceTree = SDKROOT; };
		492EE5B81714682400575B7C /* sabresonic-Info.plist */ = {isa = PBXFileReference; lastKnownFileType = text.plist.xml; path = "sabresonic-Info.plist"; sourceTree = "<group>"; };
		492EE5BA1714682400575B7C /* en */ = {isa = PBXFileReference; lastKnownFileType = text.plist.strings; name = en; path = en.lproj/InfoPlist.strings; sourceTree = "<group>"; };
		492EE5BC1714682400575B7C /* main.m */ = {isa = PBXFileReference; lastKnownFileType = sourcecode.c.objc; path = main.m; sourceTree = "<group>"; };
		492EE5BE1714682400575B7C /* sabresonic-Prefix.pch */ = {isa = PBXFileReference; lastKnownFileType = sourcecode.c.h; path = "sabresonic-Prefix.pch"; sourceTree = "<group>"; };
		492EE5BF1714682400575B7C /* AppDelegate.h */ = {isa = PBXFileReference; lastKnownFileType = sourcecode.c.h; path = AppDelegate.h; sourceTree = "<group>"; };
		492EE5C01714682400575B7C /* AppDelegate.m */ = {isa = PBXFileReference; lastKnownFileType = sourcecode.c.objc; path = AppDelegate.m; sourceTree = "<group>"; };
		492EE5C21714682400575B7C /* Default.png */ = {isa = PBXFileReference; lastKnownFileType = image.png; path = Default.png; sourceTree = "<group>"; };
		492EE5C41714682400575B7C /* Default@2x.png */ = {isa = PBXFileReference; lastKnownFileType = image.png; path = "Default@2x.png"; sourceTree = "<group>"; };
		492EE5C61714682400575B7C /* Default-568h@2x.png */ = {isa = PBXFileReference; lastKnownFileType = image.png; path = "Default-568h@2x.png"; sourceTree = "<group>"; };
		492EE5C91714682400575B7C /* en */ = {isa = PBXFileReference; lastKnownFileType = file.storyboard; name = en; path = en.lproj/MainStoryboard.storyboard; sourceTree = "<group>"; };
		492EE5D31714682400575B7C /* sabresonicTests.octest */ = {isa = PBXFileReference; explicitFileType = wrapper.cfbundle; includeInIndex = 0; path = sabresonicTests.octest; sourceTree = BUILT_PRODUCTS_DIR; };
		492EE5D41714682400575B7C /* SenTestingKit.framework */ = {isa = PBXFileReference; lastKnownFileType = wrapper.framework; name = SenTestingKit.framework; path = Library/Frameworks/SenTestingKit.framework; sourceTree = DEVELOPER_DIR; };
		492EE5DC1714682400575B7C /* sabresonicTests-Info.plist */ = {isa = PBXFileReference; lastKnownFileType = text.plist.xml; path = "sabresonicTests-Info.plist"; sourceTree = "<group>"; };
		492EE5DE1714682400575B7C /* en */ = {isa = PBXFileReference; lastKnownFileType = text.plist.strings; name = en; path = en.lproj/InfoPlist.strings; sourceTree = "<group>"; };
		492EE5E01714682400575B7C /* sabresonicTests.h */ = {isa = PBXFileReference; lastKnownFileType = sourcecode.c.h; path = sabresonicTests.h; sourceTree = "<group>"; };
		492EE5E11714682400575B7C /* sabresonicTests.m */ = {isa = PBXFileReference; lastKnownFileType = sourcecode.c.objc; path = sabresonicTests.m; sourceTree = "<group>"; };
		492EE5EB1715FFA500575B7C /* QuartzCore.framework */ = {isa = PBXFileReference; lastKnownFileType = wrapper.framework; name = QuartzCore.framework; path = System/Library/Frameworks/QuartzCore.framework; sourceTree = SDKROOT; };
		492EE618171F136500575B7C /* FrontViewController.h */ = {isa = PBXFileReference; fileEncoding = 4; lastKnownFileType = sourcecode.c.h; name = FrontViewController.h; path = Content/FrontViewController.h; sourceTree = "<group>"; };
		492EE619171F136500575B7C /* FrontViewController.m */ = {isa = PBXFileReference; fileEncoding = 4; lastKnownFileType = sourcecode.c.objc; name = FrontViewController.m; path = Content/FrontViewController.m; sourceTree = "<group>"; };
		492EE61A171F136500575B7C /* LeftDemoViewController.h */ = {isa = PBXFileReference; fileEncoding = 4; lastKnownFileType = sourcecode.c.h; name = LeftDemoViewController.h; path = Content/LeftDemoViewController.h; sourceTree = "<group>"; };
		492EE61B171F136500575B7C /* LeftDemoViewController.m */ = {isa = PBXFileReference; fileEncoding = 4; lastKnownFileType = sourcecode.c.objc; name = LeftDemoViewController.m; path = Content/LeftDemoViewController.m; sourceTree = "<group>"; };
		492EE61C171F136600575B7C /* LeftDemoViewController~ipad.xib */ = {isa = PBXFileReference; fileEncoding = 4; lastKnownFileType = file.xib; name = "LeftDemoViewController~ipad.xib"; path = "Content/LeftDemoViewController~ipad.xib"; sourceTree = "<group>"; };
		492EE61D171F136600575B7C /* LeftDemoViewController~iphone.xib */ = {isa = PBXFileReference; fileEncoding = 4; lastKnownFileType = file.xib; name = "LeftDemoViewController~iphone.xib"; path = "Content/LeftDemoViewController~iphone.xib"; sourceTree = "<group>"; };
		492EE61E171F136600575B7C /* RightDemoViewController.h */ = {isa = PBXFileReference; fileEncoding = 4; lastKnownFileType = sourcecode.c.h; name = RightDemoViewController.h; path = Content/RightDemoViewController.h; sourceTree = "<group>"; };
		492EE61F171F136600575B7C /* RightDemoViewController.m */ = {isa = PBXFileReference; fileEncoding = 4; lastKnownFileType = sourcecode.c.objc; name = RightDemoViewController.m; path = Content/RightDemoViewController.m; sourceTree = "<group>"; };
		492EE620171F136700575B7C /* RightDemoViewController~ipad.xib */ = {isa = PBXFileReference; fileEncoding = 4; lastKnownFileType = file.xib; name = "RightDemoViewController~ipad.xib"; path = "Content/RightDemoViewController~ipad.xib"; sourceTree = "<group>"; };
		492EE621171F136700575B7C /* RightDemoViewController~iphone.xib */ = {isa = PBXFileReference; fileEncoding = 4; lastKnownFileType = file.xib; name = "RightDemoViewController~iphone.xib"; path = "Content/RightDemoViewController~iphone.xib"; sourceTree = "<group>"; };
		492EE62A171F13C800575B7C /* PKRevealController.h */ = {isa = PBXFileReference; fileEncoding = 4; lastKnownFileType = sourcecode.c.h; name = PKRevealController.h; path = Controller/PKRevealController.h; sourceTree = "<group>"; };
		492EE62B171F13C800575B7C /* PKRevealController.m */ = {isa = PBXFileReference; fileEncoding = 4; lastKnownFileType = sourcecode.c.objc; name = PKRevealController.m; path = Controller/PKRevealController.m; sourceTree = "<group>"; };
		492EE62C171F13C800575B7C /* PKRevealControllerContainerView.h */ = {isa = PBXFileReference; fileEncoding = 4; lastKnownFileType = sourcecode.c.h; name = PKRevealControllerContainerView.h; path = Controller/PKRevealControllerContainerView.h; sourceTree = "<group>"; };
		492EE62D171F13C800575B7C /* PKRevealControllerContainerView.m */ = {isa = PBXFileReference; fileEncoding = 4; lastKnownFileType = sourcecode.c.objc; name = PKRevealControllerContainerView.m; path = Controller/PKRevealControllerContainerView.m; sourceTree = "<group>"; };
		492EE62E171F13C800575B7C /* UIViewController+PKRevealController.h */ = {isa = PBXFileReference; fileEncoding = 4; lastKnownFileType = sourcecode.c.h; name = "UIViewController+PKRevealController.h"; path = "Controller/UIViewController+PKRevealController.h"; sourceTree = "<group>"; };
		492EE62F171F13C800575B7C /* UIViewController+PKRevealController.m */ = {isa = PBXFileReference; fileEncoding = 4; lastKnownFileType = sourcecode.c.objc; name = "UIViewController+PKRevealController.m"; path = "Controller/UIViewController+PKRevealController.m"; sourceTree = "<group>"; };
		492EE633171F142600575B7C /* reveal_menu_icon_landscape.png */ = {isa = PBXFileReference; lastKnownFileType = image.png; path = reveal_menu_icon_landscape.png; sourceTree = "<group>"; };
		492EE634171F142600575B7C /* reveal_menu_icon_landscape@2x.png */ = {isa = PBXFileReference; lastKnownFileType = image.png; path = "reveal_menu_icon_landscape@2x.png"; sourceTree = "<group>"; };
		492EE635171F142600575B7C /* reveal_menu_icon_portrait.png */ = {isa = PBXFileReference; lastKnownFileType = image.png; path = reveal_menu_icon_portrait.png; sourceTree = "<group>"; };
		492EE636171F142600575B7C /* reveal_menu_icon_portrait@2x.png */ = {isa = PBXFileReference; lastKnownFileType = image.png; path = "reveal_menu_icon_portrait@2x.png"; sourceTree = "<group>"; };
		A7ABA7CC1733BCF1006E6FC9 /* FrontViewController.xib */ = {isa = PBXFileReference; fileEncoding = 4; lastKnownFileType = file.xib; name = FrontViewController.xib; path = Content/FrontViewController.xib; sourceTree = "<group>"; };
		A7ABA7CE1733BCFE006E6FC9 /* airplane-bg.png */ = {isa = PBXFileReference; lastKnownFileType = image.png; path = "airplane-bg.png"; sourceTree = "<group>"; };
		A7ABA7D01733BDE2006E6FC9 /* FacebookLoginViewController.h */ = {isa = PBXFileReference; fileEncoding = 4; lastKnownFileType = sourcecode.c.h; path = FacebookLoginViewController.h; sourceTree = "<group>"; };
		A7ABA7D11733BDE2006E6FC9 /* FacebookLoginViewController.m */ = {isa = PBXFileReference; fileEncoding = 4; lastKnownFileType = sourcecode.c.objc; path = FacebookLoginViewController.m; sourceTree = "<group>"; };
		A7ABA7D21733BDE2006E6FC9 /* FacebookLoginViewController.xib */ = {isa = PBXFileReference; fileEncoding = 4; lastKnownFileType = file.xib; path = FacebookLoginViewController.xib; sourceTree = "<group>"; };
		A7ABA7D51733D0C8006E6FC9 /* annotationview.png */ = {isa = PBXFileReference; lastKnownFileType = image.png; path = annotationview.png; sourceTree = "<group>"; };
		A7ABA7D71733D41E006E6FC9 /* CustomAnnotationView.h */ = {isa = PBXFileReference; fileEncoding = 4; lastKnownFileType = sourcecode.c.h; path = CustomAnnotationView.h; sourceTree = "<group>"; };
		A7ABA7D81733D41E006E6FC9 /* CustomAnnotationView.m */ = {isa = PBXFileReference; fileEncoding = 4; lastKnownFileType = sourcecode.c.objc; path = CustomAnnotationView.m; sourceTree = "<group>"; };
		A7ABA7DA1733D947006E6FC9 /* CustomAnnotationView.xib */ = {isa = PBXFileReference; fileEncoding = 4; lastKnownFileType = file.xib; path = CustomAnnotationView.xib; sourceTree = "<group>"; };
		A7ED65571730EF6B003C79F6 /* FlightDetailsWebViewController.h */ = {isa = PBXFileReference; fileEncoding = 4; lastKnownFileType = sourcecode.c.h; path = FlightDetailsWebViewController.h; sourceTree = "<group>"; };
		A7ED65581730EF6B003C79F6 /* FlightDetailsWebViewController.m */ = {isa = PBXFileReference; fileEncoding = 4; lastKnownFileType = sourcecode.c.objc; path = FlightDetailsWebViewController.m; sourceTree = "<group>"; };
		A7ED65591730EF6B003C79F6 /* FlightDetailsWebViewController.xib */ = {isa = PBXFileReference; fileEncoding = 4; lastKnownFileType = file.xib; path = FlightDetailsWebViewController.xib; sourceTree = "<group>"; };
		A7ED655C17314877003C79F6 /* FlightDetailsTableViewCell.h */ = {isa = PBXFileReference; fileEncoding = 4; lastKnownFileType = sourcecode.c.h; path = FlightDetailsTableViewCell.h; sourceTree = "<group>"; };
		A7ED655D17314878003C79F6 /* FlightDetailsTableViewCell.m */ = {isa = PBXFileReference; fileEncoding = 4; lastKnownFileType = sourcecode.c.objc; path = FlightDetailsTableViewCell.m; sourceTree = "<group>"; };
		A7ED655F17314DEC003C79F6 /* FlightDetailsTableViewCell.xib */ = {isa = PBXFileReference; fileEncoding = 4; lastKnownFileType = file.xib; path = FlightDetailsTableViewCell.xib; sourceTree = "<group>"; };
		A7ED657317324781003C79F6 /* ShoppingTableViewCell.h */ = {isa = PBXFileReference; fileEncoding = 4; lastKnownFileType = sourcecode.c.h; path = ShoppingTableViewCell.h; sourceTree = "<group>"; };
		A7ED657417324781003C79F6 /* ShoppingTableViewCell.m */ = {isa = PBXFileReference; fileEncoding = 4; lastKnownFileType = sourcecode.c.objc; path = ShoppingTableViewCell.m; sourceTree = "<group>"; };
		A7ED65761732488B003C79F6 /* ShoppingTableViewCell.xib */ = {isa = PBXFileReference; fileEncoding = 4; lastKnownFileType = file.xib; path = ShoppingTableViewCell.xib; sourceTree = "<group>"; };
/* End PBXFileReference section */

/* Begin PBXFrameworksBuildPhase section */
		492EE5AA1714682400575B7C /* Frameworks */ = {
			isa = PBXFrameworksBuildPhase;
			buildActionMask = 2147483647;
			files = (
				086670CF1729B38600DE41BE /* Social.framework in Frameworks */,
				08ADB7F81721A5C9003E0107 /* libKal.a in Frameworks */,
				492EE5EC1715FFA500575B7C /* QuartzCore.framework in Frameworks */,
				08ADB77C171F30AA003E0107 /* MapKit.framework in Frameworks */,
				08ADB77A171F30A1003E0107 /* CoreLocation.framework in Frameworks */,
				492EE5B11714682400575B7C /* UIKit.framework in Frameworks */,
				492EE5B31714682400575B7C /* Foundation.framework in Frameworks */,
				492EE5B51714682400575B7C /* CoreGraphics.framework in Frameworks */,
			);
			runOnlyForDeploymentPostprocessing = 0;
		};
		492EE5CF1714682400575B7C /* Frameworks */ = {
			isa = PBXFrameworksBuildPhase;
			buildActionMask = 2147483647;
			files = (
				492EE5D51714682400575B7C /* SenTestingKit.framework in Frameworks */,
				492EE5D61714682400575B7C /* UIKit.framework in Frameworks */,
				492EE5D71714682400575B7C /* Foundation.framework in Frameworks */,
			);
			runOnlyForDeploymentPostprocessing = 0;
		};
/* End PBXFrameworksBuildPhase section */

/* Begin PBXGroup section */
		08ADB76B171F2EF7003E0107 /* Models */ = {
			isa = PBXGroup;
			children = (
				08ADB76C171F2F16003E0107 /* Route.h */,
				08ADB76D171F2F16003E0107 /* Route.m */,
				08ADB76E171F2F16003E0107 /* TravelInfo.h */,
				08ADB76F171F2F16003E0107 /* TravelInfo.m */,
				08ADB770171F2F16003E0107 /* TravelPointAnnotation.h */,
				08ADB771171F2F16003E0107 /* TravelPointAnnotation.m */,
				08ADB81417258C37003E0107 /* FlightSegment.h */,
				08ADB81517258C37003E0107 /* FlightSegment.m */,
				08ADB81A1725A280003E0107 /* PayLoadKeys.h */,
				08B6E05E1727372E009B31F9 /* TravelLocation.h */,
				08B6E05F1727372E009B31F9 /* TravelLocation.m */,
				08B31E2F17286AC400CD04FA /* FlightDetails.h */,
				08B31E3017286AC400CD04FA /* FlightDetails.m */,
				08B31E3217286E9E00CD04FA /* Itinerary.h */,
				08B31E3317286E9E00CD04FA /* Itinerary.m */,
				08B31E351728731600CD04FA /* JSONResponseParser.h */,
				08B31E361728731600CD04FA /* JSONResponseParser.m */,
			);
			name = Models;
			sourceTree = "<group>";
		};
		08ADB775171F2F53003E0107 /* Map */ = {
			isa = PBXGroup;
			children = (
				08ADB776171F2F64003E0107 /* MapOverlayArcView.h */,
				08ADB777171F2F64003E0107 /* MapOverlayArcView.m */,
				A7ABA7D71733D41E006E6FC9 /* CustomAnnotationView.h */,
				A7ABA7D81733D41E006E6FC9 /* CustomAnnotationView.m */,
				A7ABA7DA1733D947006E6FC9 /* CustomAnnotationView.xib */,
			);
			name = Map;
			sourceTree = "<group>";
		};
		08ADB7EB1721A060003E0107 /* Products */ = {
			isa = PBXGroup;
			children = (
				08ADB7F01721A061003E0107 /* libKal.a */,
				08ADB7F21721A061003E0107 /* KalTests.octest */,
			);
			name = Products;
			sourceTree = "<group>";
		};
		08ADB7F91721CB41003E0107 /* JSON */ = {
			isa = PBXGroup;
			children = (
				08ADB7FA1721CB5A003E0107 /* JSON.h */,
				08ADB7FB1721CB5A003E0107 /* NSObject+SBJSON.h */,
				08ADB7FC1721CB5A003E0107 /* NSObject+SBJSON.m */,
				08ADB7FD1721CB5A003E0107 /* NSString+SBJSON.h */,
				08ADB7FE1721CB5A003E0107 /* NSString+SBJSON.m */,
				08ADB7FF1721CB5A003E0107 /* SBJsonBase.h */,
				08ADB8001721CB5A003E0107 /* SBJsonBase.m */,
				08ADB8011721CB5A003E0107 /* SBJsonParser.h */,
				08ADB8021721CB5A003E0107 /* SBJsonParser.m */,
				08ADB8031721CB5A003E0107 /* SBJsonWriter.h */,
				08ADB8041721CB5A003E0107 /* SBJsonWriter.m */,
			);
			name = JSON;
			sourceTree = "<group>";
		};
		08ADB80A1721E5B7003E0107 /* Data */ = {
			isa = PBXGroup;
			children = (
				08B31E2D17284AE000CD04FA /* calendarjson.txt */,
				08ADB8231725C785003E0107 /* destinationjson.txt */,
				08ADB80B1721E5C7003E0107 /* singledatejson.txt */,
			);
			name = Data;
			sourceTree = "<group>";
		};
		08B31E281728382A00CD04FA /* Helper */ = {
			isa = PBXGroup;
			children = (
				08B31E2A1728383D00CD04FA /* FlightFilterHelper.h */,
				08B31E2B1728383D00CD04FA /* FlightFilterHelper.m */,
			);
			name = Helper;
			sourceTree = "<group>";
		};
		492EE5A41714682400575B7C = {
			isa = PBXGroup;
			children = (
				086670CE1729B38600DE41BE /* Social.framework */,
				08ADB7F51721A1C3003E0107 /* Kal.bundle */,
				08ADB7EA1721A060003E0107 /* Kal.xcodeproj */,
				492EE5B61714682400575B7C /* sabresonic */,
				492EE5DA1714682400575B7C /* sabresonicTests */,
				492EE5AF1714682400575B7C /* Frameworks */,
				492EE5AE1714682400575B7C /* Products */,
			);
			sourceTree = "<group>";
		};
		492EE5AE1714682400575B7C /* Products */ = {
			isa = PBXGroup;
			children = (
				492EE5AD1714682400575B7C /* sabresonic.app */,
				492EE5D31714682400575B7C /* sabresonicTests.octest */,
			);
			name = Products;
			sourceTree = "<group>";
		};
		492EE5AF1714682400575B7C /* Frameworks */ = {
			isa = PBXGroup;
			children = (
				08ADB77B171F30AA003E0107 /* MapKit.framework */,
				08ADB779171F30A1003E0107 /* CoreLocation.framework */,
				492EE5EB1715FFA500575B7C /* QuartzCore.framework */,
				492EE5B01714682400575B7C /* UIKit.framework */,
				492EE5B21714682400575B7C /* Foundation.framework */,
				492EE5B41714682400575B7C /* CoreGraphics.framework */,
				492EE5D41714682400575B7C /* SenTestingKit.framework */,
			);
			name = Frameworks;
			sourceTree = "<group>";
		};
		492EE5B61714682400575B7C /* sabresonic */ = {
			isa = PBXGroup;
			children = (
				08ADB80A1721E5B7003E0107 /* Data */,
				08ADB7F91721CB41003E0107 /* JSON */,
				492EE629171F13BA00575B7C /* Controller */,
				08ADB76B171F2EF7003E0107 /* Models */,
				492EE60817160ABF00575B7C /* Content */,
				492EE5BF1714682400575B7C /* AppDelegate.h */,
				492EE5C01714682400575B7C /* AppDelegate.m */,
				492EE5C81714682400575B7C /* MainStoryboard.storyboard */,
				492EE5B71714682400575B7C /* Supporting Files */,
			);
			path = sabresonic;
			sourceTree = "<group>";
		};
		492EE5B71714682400575B7C /* Supporting Files */ = {
			isa = PBXGroup;
			children = (
				A7ABA7D51733D0C8006E6FC9 /* annotationview.png */,
				A7ABA7CE1733BCFE006E6FC9 /* airplane-bg.png */,
				492EE633171F142600575B7C /* reveal_menu_icon_landscape.png */,
				492EE634171F142600575B7C /* reveal_menu_icon_landscape@2x.png */,
				492EE635171F142600575B7C /* reveal_menu_icon_portrait.png */,
				492EE636171F142600575B7C /* reveal_menu_icon_portrait@2x.png */,
				492EE5B81714682400575B7C /* sabresonic-Info.plist */,
				492EE5B91714682400575B7C /* InfoPlist.strings */,
				492EE5BC1714682400575B7C /* main.m */,
				492EE5BE1714682400575B7C /* sabresonic-Prefix.pch */,
				492EE5C21714682400575B7C /* Default.png */,
				492EE5C41714682400575B7C /* Default@2x.png */,
				492EE5C61714682400575B7C /* Default-568h@2x.png */,
			);
			name = "Supporting Files";
			sourceTree = "<group>";
		};
		492EE5DA1714682400575B7C /* sabresonicTests */ = {
			isa = PBXGroup;
			children = (
				492EE5E01714682400575B7C /* sabresonicTests.h */,
				492EE5E11714682400575B7C /* sabresonicTests.m */,
				492EE5DB1714682400575B7C /* Supporting Files */,
			);
			path = sabresonicTests;
			sourceTree = "<group>";
		};
		492EE5DB1714682400575B7C /* Supporting Files */ = {
			isa = PBXGroup;
			children = (
				492EE5DC1714682400575B7C /* sabresonicTests-Info.plist */,
				492EE5DD1714682400575B7C /* InfoPlist.strings */,
			);
			name = "Supporting Files";
			sourceTree = "<group>";
		};
		492EE60817160ABF00575B7C /* Content */ = {
			isa = PBXGroup;
			children = (
				08B31E281728382A00CD04FA /* Helper */,
				08ADB775171F2F53003E0107 /* Map */,
				492EE618171F136500575B7C /* FrontViewController.h */,
				492EE619171F136500575B7C /* FrontViewController.m */,
				A7ABA7CC1733BCF1006E6FC9 /* FrontViewController.xib */,
				492EE61A171F136500575B7C /* LeftDemoViewController.h */,
				492EE61B171F136500575B7C /* LeftDemoViewController.m */,
				492EE61C171F136600575B7C /* LeftDemoViewController~ipad.xib */,
				492EE61D171F136600575B7C /* LeftDemoViewController~iphone.xib */,
				492EE61E171F136600575B7C /* RightDemoViewController.h */,
				492EE61F171F136600575B7C /* RightDemoViewController.m */,
				492EE620171F136700575B7C /* RightDemoViewController~ipad.xib */,
				492EE621171F136700575B7C /* RightDemoViewController~iphone.xib */,
				08ADB780171F4127003E0107 /* MapViewController.h */,
				08ADB781171F4127003E0107 /* MapViewController.m */,
				08ADB782171F4127003E0107 /* MapViewController.xib */,
				08ADB7851720435F003E0107 /* CheckInWebViewController.h */,
				08ADB7861720435F003E0107 /* CheckInWebViewController.m */,
				08ADB7871720435F003E0107 /* CheckInWebViewController.xib */,
				A7ED65571730EF6B003C79F6 /* FlightDetailsWebViewController.h */,
				A7ED65581730EF6B003C79F6 /* FlightDetailsWebViewController.m */,
				A7ED65591730EF6B003C79F6 /* FlightDetailsWebViewController.xib */,
				A7ED655C17314877003C79F6 /* FlightDetailsTableViewCell.h */,
				A7ED655D17314878003C79F6 /* FlightDetailsTableViewCell.m */,
				A7ED655F17314DEC003C79F6 /* FlightDetailsTableViewCell.xib */,
				A7ED657317324781003C79F6 /* ShoppingTableViewCell.h */,
				A7ED657417324781003C79F6 /* ShoppingTableViewCell.m */,
				A7ED65761732488B003C79F6 /* ShoppingTableViewCell.xib */,
				A7ABA7D01733BDE2006E6FC9 /* FacebookLoginViewController.h */,
				A7ABA7D11733BDE2006E6FC9 /* FacebookLoginViewController.m */,
				A7ABA7D21733BDE2006E6FC9 /* FacebookLoginViewController.xib */,
			);
			name = Content;
			sourceTree = "<group>";
		};
		492EE629171F13BA00575B7C /* Controller */ = {
			isa = PBXGroup;
			children = (
				492EE62A171F13C800575B7C /* PKRevealController.h */,
				492EE62B171F13C800575B7C /* PKRevealController.m */,
				492EE62C171F13C800575B7C /* PKRevealControllerContainerView.h */,
				492EE62D171F13C800575B7C /* PKRevealControllerContainerView.m */,
				492EE62E171F13C800575B7C /* UIViewController+PKRevealController.h */,
				492EE62F171F13C800575B7C /* UIViewController+PKRevealController.m */,
			);
			name = Controller;
			sourceTree = "<group>";
		};
/* End PBXGroup section */

/* Begin PBXNativeTarget section */
		492EE5AC1714682400575B7C /* sabresonic */ = {
			isa = PBXNativeTarget;
			buildConfigurationList = 492EE5E51714682400575B7C /* Build configuration list for PBXNativeTarget "sabresonic" */;
			buildPhases = (
				492EE5A91714682400575B7C /* Sources */,
				492EE5AA1714682400575B7C /* Frameworks */,
				492EE5AB1714682400575B7C /* Resources */,
			);
			buildRules = (
			);
			dependencies = (
				08ADB7F41721A128003E0107 /* PBXTargetDependency */,
			);
			name = sabresonic;
			productName = sabresonic;
			productReference = 492EE5AD1714682400575B7C /* sabresonic.app */;
			productType = "com.apple.product-type.application";
		};
		492EE5D21714682400575B7C /* sabresonicTests */ = {
			isa = PBXNativeTarget;
			buildConfigurationList = 492EE5E81714682400575B7C /* Build configuration list for PBXNativeTarget "sabresonicTests" */;
			buildPhases = (
				492EE5CE1714682400575B7C /* Sources */,
				492EE5CF1714682400575B7C /* Frameworks */,
				492EE5D01714682400575B7C /* Resources */,
				492EE5D11714682400575B7C /* ShellScript */,
			);
			buildRules = (
			);
			dependencies = (
				492EE5D91714682400575B7C /* PBXTargetDependency */,
			);
			name = sabresonicTests;
			productName = sabresonicTests;
			productReference = 492EE5D31714682400575B7C /* sabresonicTests.octest */;
			productType = "com.apple.product-type.bundle";
		};
/* End PBXNativeTarget section */

/* Begin PBXProject section */
		492EE5A51714682400575B7C /* Project object */ = {
			isa = PBXProject;
			attributes = {
				LastUpgradeCheck = 0460;
				ORGANIZATIONNAME = "Ramon Resma";
			};
			buildConfigurationList = 492EE5A81714682400575B7C /* Build configuration list for PBXProject "sabresonic" */;
			compatibilityVersion = "Xcode 3.2";
			developmentRegion = English;
			hasScannedForEncodings = 0;
			knownRegions = (
				en,
			);
			mainGroup = 492EE5A41714682400575B7C;
			productRefGroup = 492EE5AE1714682400575B7C /* Products */;
			projectDirPath = "";
			projectReferences = (
				{
					ProductGroup = 08ADB7EB1721A060003E0107 /* Products */;
					ProjectRef = 08ADB7EA1721A060003E0107 /* Kal.xcodeproj */;
				},
			);
			projectRoot = "";
			targets = (
				492EE5AC1714682400575B7C /* sabresonic */,
				492EE5D21714682400575B7C /* sabresonicTests */,
			);
		};
/* End PBXProject section */

/* Begin PBXReferenceProxy section */
		08ADB7F01721A061003E0107 /* libKal.a */ = {
			isa = PBXReferenceProxy;
			fileType = archive.ar;
			path = libKal.a;
			remoteRef = 08ADB7EF1721A061003E0107 /* PBXContainerItemProxy */;
			sourceTree = BUILT_PRODUCTS_DIR;
		};
		08ADB7F21721A061003E0107 /* KalTests.octest */ = {
			isa = PBXReferenceProxy;
			fileType = wrapper.cfbundle;
			path = KalTests.octest;
			remoteRef = 08ADB7F11721A061003E0107 /* PBXContainerItemProxy */;
			sourceTree = BUILT_PRODUCTS_DIR;
		};
/* End PBXReferenceProxy section */

/* Begin PBXResourcesBuildPhase section */
		492EE5AB1714682400575B7C /* Resources */ = {
			isa = PBXResourcesBuildPhase;
			buildActionMask = 2147483647;
			files = (
				492EE5BB1714682400575B7C /* InfoPlist.strings in Resources */,
				492EE5C31714682400575B7C /* Default.png in Resources */,
				492EE5C51714682400575B7C /* Default@2x.png in Resources */,
				492EE5C71714682400575B7C /* Default-568h@2x.png in Resources */,
				492EE5CA1714682400575B7C /* MainStoryboard.storyboard in Resources */,
				492EE624171F136700575B7C /* LeftDemoViewController~ipad.xib in Resources */,
				492EE625171F136700575B7C /* LeftDemoViewController~iphone.xib in Resources */,
				492EE627171F136700575B7C /* RightDemoViewController~ipad.xib in Resources */,
				492EE628171F136700575B7C /* RightDemoViewController~iphone.xib in Resources */,
				492EE637171F142600575B7C /* reveal_menu_icon_landscape.png in Resources */,
				492EE638171F142600575B7C /* reveal_menu_icon_landscape@2x.png in Resources */,
				492EE639171F142600575B7C /* reveal_menu_icon_portrait.png in Resources */,
				492EE63A171F142600575B7C /* reveal_menu_icon_portrait@2x.png in Resources */,
				08ADB784171F4127003E0107 /* MapViewController.xib in Resources */,
				08ADB78917204360003E0107 /* CheckInWebViewController.xib in Resources */,
				08ADB7F61721A1C3003E0107 /* Kal.bundle in Resources */,
				08ADB80C1721E5C7003E0107 /* singledatejson.txt in Resources */,
				08ADB8241725C785003E0107 /* destinationjson.txt in Resources */,
				08B31E2E17284AE000CD04FA /* calendarjson.txt in Resources */,
				A7ED655B1730EF6B003C79F6 /* FlightDetailsWebViewController.xib in Resources */,
				A7ED656017314DED003C79F6 /* FlightDetailsTableViewCell.xib in Resources */,
				A7ED65771732488B003C79F6 /* ShoppingTableViewCell.xib in Resources */,
				A7ABA7CD1733BCF1006E6FC9 /* FrontViewController.xib in Resources */,
				A7ABA7CF1733BCFE006E6FC9 /* airplane-bg.png in Resources */,
				A7ABA7D41733BDE3006E6FC9 /* FacebookLoginViewController.xib in Resources */,
				A7ABA7D61733D0C8006E6FC9 /* annotationview.png in Resources */,
				A7ABA7DB1733D947006E6FC9 /* CustomAnnotationView.xib in Resources */,
			);
			runOnlyForDeploymentPostprocessing = 0;
		};
		492EE5D01714682400575B7C /* Resources */ = {
			isa = PBXResourcesBuildPhase;
			buildActionMask = 2147483647;
			files = (
				492EE5DF1714682400575B7C /* InfoPlist.strings in Resources */,
			);
			runOnlyForDeploymentPostprocessing = 0;
		};
/* End PBXResourcesBuildPhase section */

/* Begin PBXShellScriptBuildPhase section */
		492EE5D11714682400575B7C /* ShellScript */ = {
			isa = PBXShellScriptBuildPhase;
			buildActionMask = 2147483647;
			files = (
			);
			inputPaths = (
			);
			outputPaths = (
			);
			runOnlyForDeploymentPostprocessing = 0;
			shellPath = /bin/sh;
			shellScript = "# Run the unit tests in this test bundle.\n\"${SYSTEM_DEVELOPER_DIR}/Tools/RunUnitTests\"\n";
		};
/* End PBXShellScriptBuildPhase section */

/* Begin PBXSourcesBuildPhase section */
		492EE5A91714682400575B7C /* Sources */ = {
			isa = PBXSourcesBuildPhase;
			buildActionMask = 2147483647;
			files = (
				492EE5BD1714682400575B7C /* main.m in Sources */,
				492EE5C11714682400575B7C /* AppDelegate.m in Sources */,
				492EE622171F136700575B7C /* FrontViewController.m in Sources */,
				492EE623171F136700575B7C /* LeftDemoViewController.m in Sources */,
				492EE626171F136700575B7C /* RightDemoViewController.m in Sources */,
				492EE630171F13C800575B7C /* PKRevealController.m in Sources */,
				492EE631171F13C800575B7C /* PKRevealControllerContainerView.m in Sources */,
				492EE632171F13C800575B7C /* UIViewController+PKRevealController.m in Sources */,
				08ADB772171F2F16003E0107 /* Route.m in Sources */,
				08ADB773171F2F16003E0107 /* TravelInfo.m in Sources */,
				08ADB774171F2F16003E0107 /* TravelPointAnnotation.m in Sources */,
				08ADB778171F2F64003E0107 /* MapOverlayArcView.m in Sources */,
				08ADB783171F4127003E0107 /* MapViewController.m in Sources */,
				08ADB78817204360003E0107 /* CheckInWebViewController.m in Sources */,
				08ADB8051721CB5A003E0107 /* NSObject+SBJSON.m in Sources */,
				08ADB8061721CB5A003E0107 /* NSString+SBJSON.m in Sources */,
				08ADB8071721CB5A003E0107 /* SBJsonBase.m in Sources */,
				08ADB8081721CB5A003E0107 /* SBJsonParser.m in Sources */,
				08ADB8091721CB5A003E0107 /* SBJsonWriter.m in Sources */,
				08ADB81617258C37003E0107 /* FlightSegment.m in Sources */,
				08B6E0601727372E009B31F9 /* TravelLocation.m in Sources */,
				08B31E2C1728383D00CD04FA /* FlightFilterHelper.m in Sources */,
				08B31E3117286AC400CD04FA /* FlightDetails.m in Sources */,
				08B31E3417286E9E00CD04FA /* Itinerary.m in Sources */,
				08B31E371728731700CD04FA /* JSONResponseParser.m in Sources */,
				A7ED655A1730EF6B003C79F6 /* FlightDetailsWebViewController.m in Sources */,
				A7ED655E17314878003C79F6 /* FlightDetailsTableViewCell.m in Sources */,
				A7ED657517324782003C79F6 /* ShoppingTableViewCell.m in Sources */,
				A7ABA7D31733BDE3006E6FC9 /* FacebookLoginViewController.m in Sources */,
				A7ABA7D91733D41E006E6FC9 /* CustomAnnotationView.m in Sources */,
			);
			runOnlyForDeploymentPostprocessing = 0;
		};
		492EE5CE1714682400575B7C /* Sources */ = {
			isa = PBXSourcesBuildPhase;
			buildActionMask = 2147483647;
			files = (
				492EE5E21714682400575B7C /* sabresonicTests.m in Sources */,
			);
			runOnlyForDeploymentPostprocessing = 0;
		};
/* End PBXSourcesBuildPhase section */

/* Begin PBXTargetDependency section */
		08ADB7F41721A128003E0107 /* PBXTargetDependency */ = {
			isa = PBXTargetDependency;
			name = Kal;
			targetProxy = 08ADB7F31721A128003E0107 /* PBXContainerItemProxy */;
		};
		492EE5D91714682400575B7C /* PBXTargetDependency */ = {
			isa = PBXTargetDependency;
			target = 492EE5AC1714682400575B7C /* sabresonic */;
			targetProxy = 492EE5D81714682400575B7C /* PBXContainerItemProxy */;
		};
/* End PBXTargetDependency section */

/* Begin PBXVariantGroup section */
		492EE5B91714682400575B7C /* InfoPlist.strings */ = {
			isa = PBXVariantGroup;
			children = (
				492EE5BA1714682400575B7C /* en */,
			);
			name = InfoPlist.strings;
			sourceTree = "<group>";
		};
		492EE5C81714682400575B7C /* MainStoryboard.storyboard */ = {
			isa = PBXVariantGroup;
			children = (
				492EE5C91714682400575B7C /* en */,
			);
			name = MainStoryboard.storyboard;
			sourceTree = "<group>";
		};
		492EE5DD1714682400575B7C /* InfoPlist.strings */ = {
			isa = PBXVariantGroup;
			children = (
				492EE5DE1714682400575B7C /* en */,
			);
			name = InfoPlist.strings;
			sourceTree = "<group>";
		};
/* End PBXVariantGroup section */

/* Begin XCBuildConfiguration section */
		492EE5E31714682400575B7C /* Debug */ = {
			isa = XCBuildConfiguration;
			buildSettings = {
				ALWAYS_SEARCH_USER_PATHS = NO;
				CLANG_CXX_LANGUAGE_STANDARD = "gnu++0x";
				CLANG_CXX_LIBRARY = "libc++";
				CLANG_ENABLE_OBJC_ARC = YES;
				CLANG_WARN_CONSTANT_CONVERSION = YES;
				CLANG_WARN_EMPTY_BODY = YES;
				CLANG_WARN_ENUM_CONVERSION = YES;
				CLANG_WARN_INT_CONVERSION = YES;
				CLANG_WARN__DUPLICATE_METHOD_MATCH = YES;
				"CODE_SIGN_IDENTITY[sdk=iphoneos*]" = "iPhone Developer";
				COPY_PHASE_STRIP = NO;
				GCC_C_LANGUAGE_STANDARD = gnu99;
				GCC_DYNAMIC_NO_PIC = NO;
				GCC_OPTIMIZATION_LEVEL = 0;
				GCC_PREPROCESSOR_DEFINITIONS = (
					"DEBUG=1",
					"$(inherited)",
				);
				GCC_SYMBOLS_PRIVATE_EXTERN = NO;
				GCC_WARN_ABOUT_RETURN_TYPE = YES;
				GCC_WARN_UNINITIALIZED_AUTOS = YES;
				GCC_WARN_UNUSED_VARIABLE = YES;
				IPHONEOS_DEPLOYMENT_TARGET = 6.1;
				ONLY_ACTIVE_ARCH = YES;
				SDKROOT = iphoneos;
				TARGETED_DEVICE_FAMILY = 2;
			};
			name = Debug;
		};
		492EE5E41714682400575B7C /* Release */ = {
			isa = XCBuildConfiguration;
			buildSettings = {
				ALWAYS_SEARCH_USER_PATHS = NO;
				CLANG_CXX_LANGUAGE_STANDARD = "gnu++0x";
				CLANG_CXX_LIBRARY = "libc++";
				CLANG_ENABLE_OBJC_ARC = YES;
				CLANG_WARN_CONSTANT_CONVERSION = YES;
				CLANG_WARN_EMPTY_BODY = YES;
				CLANG_WARN_ENUM_CONVERSION = YES;
				CLANG_WARN_INT_CONVERSION = YES;
				CLANG_WARN__DUPLICATE_METHOD_MATCH = YES;
				"CODE_SIGN_IDENTITY[sdk=iphoneos*]" = "iPhone Developer";
				COPY_PHASE_STRIP = YES;
				GCC_C_LANGUAGE_STANDARD = gnu99;
				GCC_WARN_ABOUT_RETURN_TYPE = YES;
				GCC_WARN_UNINITIALIZED_AUTOS = YES;
				GCC_WARN_UNUSED_VARIABLE = YES;
				IPHONEOS_DEPLOYMENT_TARGET = 6.1;
				OTHER_CFLAGS = "-DNS_BLOCK_ASSERTIONS=1";
				SDKROOT = iphoneos;
				TARGETED_DEVICE_FAMILY = 2;
				VALIDATE_PRODUCT = YES;
			};
			name = Release;
		};
		492EE5E61714682400575B7C /* Debug */ = {
			isa = XCBuildConfiguration;
			buildSettings = {
				CLANG_ENABLE_OBJC_ARC = YES;
				GCC_PRECOMPILE_PREFIX_HEADER = YES;
				GCC_PREFIX_HEADER = "sabresonic/sabresonic-Prefix.pch";
				HEADER_SEARCH_PATHS = Kal/;
				INFOPLIST_FILE = "sabresonic/sabresonic-Info.plist";
				IPHONEOS_DEPLOYMENT_TARGET = 6.0;
				OTHER_LDFLAGS = "-all_load";
				PRODUCT_NAME = "$(TARGET_NAME)";
				WRAPPER_EXTENSION = app;
			};
			name = Debug;
		};
		492EE5E71714682400575B7C /* Release */ = {
			isa = XCBuildConfiguration;
			buildSettings = {
				CLANG_ENABLE_OBJC_ARC = YES;
				GCC_PRECOMPILE_PREFIX_HEADER = YES;
				GCC_PREFIX_HEADER = "sabresonic/sabresonic-Prefix.pch";
				HEADER_SEARCH_PATHS = Kal/;
				INFOPLIST_FILE = "sabresonic/sabresonic-Info.plist";
				IPHONEOS_DEPLOYMENT_TARGET = 6.0;
				OTHER_LDFLAGS = "-all_load";
				PRODUCT_NAME = "$(TARGET_NAME)";
				WRAPPER_EXTENSION = app;
			};
			name = Release;
		};
		492EE5E91714682400575B7C /* Debug */ = {
			isa = XCBuildConfiguration;
			buildSettings = {
				BUNDLE_LOADER = "$(BUILT_PRODUCTS_DIR)/sabresonic.app/sabresonic";
				FRAMEWORK_SEARCH_PATHS = (
					"\"$(SDKROOT)/Developer/Library/Frameworks\"",
					"\"$(DEVELOPER_LIBRARY_DIR)/Frameworks\"",
				);
				GCC_PRECOMPILE_PREFIX_HEADER = YES;
				GCC_PREFIX_HEADER = "sabresonic/sabresonic-Prefix.pch";
				INFOPLIST_FILE = "sabresonicTests/sabresonicTests-Info.plist";
				IPHONEOS_DEPLOYMENT_TARGET = 6.0;
				PRODUCT_NAME = "$(TARGET_NAME)";
				TEST_HOST = "$(BUNDLE_LOADER)";
				WRAPPER_EXTENSION = octest;
			};
			name = Debug;
		};
		492EE5EA1714682400575B7C /* Release */ = {
			isa = XCBuildConfiguration;
			buildSettings = {
				BUNDLE_LOADER = "$(BUILT_PRODUCTS_DIR)/sabresonic.app/sabresonic";
				FRAMEWORK_SEARCH_PATHS = (
					"\"$(SDKROOT)/Developer/Library/Frameworks\"",
					"\"$(DEVELOPER_LIBRARY_DIR)/Frameworks\"",
				);
				GCC_PRECOMPILE_PREFIX_HEADER = YES;
				GCC_PREFIX_HEADER = "sabresonic/sabresonic-Prefix.pch";
				INFOPLIST_FILE = "sabresonicTests/sabresonicTests-Info.plist";
				IPHONEOS_DEPLOYMENT_TARGET = 6.0;
				PRODUCT_NAME = "$(TARGET_NAME)";
				TEST_HOST = "$(BUNDLE_LOADER)";
				WRAPPER_EXTENSION = octest;
			};
			name = Release;
		};
/* End XCBuildConfiguration section */

/* Begin XCConfigurationList section */
		492EE5A81714682400575B7C /* Build configuration list for PBXProject "sabresonic" */ = {
			isa = XCConfigurationList;
			buildConfigurations = (
				492EE5E31714682400575B7C /* Debug */,
				492EE5E41714682400575B7C /* Release */,
			);
			defaultConfigurationIsVisible = 0;
			defaultConfigurationName = Release;
		};
		492EE5E51714682400575B7C /* Build configuration list for PBXNativeTarget "sabresonic" */ = {
			isa = XCConfigurationList;
			buildConfigurations = (
				492EE5E61714682400575B7C /* Debug */,
				492EE5E71714682400575B7C /* Release */,
			);
			defaultConfigurationIsVisible = 0;
			defaultConfigurationName = Release;
		};
		492EE5E81714682400575B7C /* Build configuration list for PBXNativeTarget "sabresonicTests" */ = {
			isa = XCConfigurationList;
			buildConfigurations = (
				492EE5E91714682400575B7C /* Debug */,
				492EE5EA1714682400575B7C /* Release */,
			);
			defaultConfigurationIsVisible = 0;
			defaultConfigurationName = Release;
		};
/* End XCConfigurationList section */
	};
	rootObject = 492EE5A51714682400575B7C /* Project object */;
}
